{
  "requires": true,
  "lockfileVersion": 1,
  "dependencies": {
    "gitbook-plugin-auto-scroll-table": {
      "version": "0.0.5",
      "resolved": "https://registry.npmjs.org/gitbook-plugin-auto-scroll-table/-/gitbook-plugin-auto-scroll-table-0.0.5.tgz",
      "integrity": "sha1-WFa87VkIP6stDTj0pyFVIPrjBds="
    },
    "gitbook-plugin-code": {
      "version": "0.1.0",
      "resolved": "https://registry.npmjs.org/gitbook-plugin-code/-/gitbook-plugin-code-0.1.0.tgz",
      "integrity": "sha1-gRqWALrvdViuGTzufVgQABZn6Xs="
    },
    "gitbook-plugin-code-editor": {
      "version": "1.2.1",
      "resolved": "https://registry.npmjs.org/gitbook-plugin-code-editor/-/gitbook-plugin-code-editor-1.2.1.tgz",
      "integrity": "sha1-ufCNhJWgQWWj7r2CKIqxOgA4wbo=",
      "requires": {
        "htmlencode": "0.0.4",
        "q": "*"
      }
    },
    "gitbook-plugin-expandable-chapters-small": {
      "version": "0.1.7",
      "resolved": "https://registry.npmjs.org/gitbook-plugin-expandable-chapters-small/-/gitbook-plugin-expandable-chapters-small-0.1.7.tgz",
      "integrity": "sha1-r8nll7aFEVb6ewAjH/irk/T+ukw="
    },
    "gitbook-plugin-sidebar-style": {
      "version": "1.0.2",
      "resolved": "https://registry.npmjs.org/gitbook-plugin-sidebar-style/-/gitbook-plugin-sidebar-style-1.0.2.tgz",
      "integrity": "sha512-jMUdoI8X+HvCrdK/HLlBsLUkooeXsXTis9qoX3hXO32pdSK323njEfxrGmDwhysV0UmKP6JGsxbNjl8Vak0omA=="
    },
    "gitbook-plugin-tbfed-pagefooter": {
      "version": "0.0.1",
      "resolved": "https://registry.npmjs.org/gitbook-plugin-tbfed-pagefooter/-/gitbook-plugin-tbfed-pagefooter-0.0.1.tgz",
      "integrity": "sha1-Fu54QGLdhQQmTEd+h2X8ScQb7T0=",
      "requires": {
        "moment": "^2.10.6"
      }
    },
    "htmlencode": {
      "version": "0.0.4",
      "resolved": "https://registry.npmjs.org/htmlencode/-/htmlencode-0.0.4.tgz",
      "integrity": "sha1-9+LWr74YqHp45jujMI51N2Z0Dj8="
    },
    "moment": {
      "version": "2.29.0",
      "resolved": "https://registry.npmjs.org/moment/-/moment-2.29.0.tgz",
      "integrity": "sha1-/L75VYRNkd61VDhhPdzsVuhqNCU="
    },
    "q": {
      "version": "1.5.1",
      "resolved": "https://registry.npmjs.org/q/-/q-1.5.1.tgz",
      "integrity": "sha1-fjL3W0E4EpHQRhHxvxQQmsAGUdc="
    }
  }
}
